
Microsoft Visual Studio Solution File, Format Version 12.00
# Visual Studio 15
VisualStudioVersion = 15.0.26730.8
MinimumVisualStudioVersion = 10.0.40219.1
Project("{FAE04EC0-301F-11D3-BF4B-00C04F79EFBC}") = "BooksMVC", "BooksMVC\BooksMVC.csproj", "{E7908AB6-412D-446F-A540-D6AC03A86E62}"
EndProject
Project("{FAE04EC0-301F-11D3-BF4B-00C04F79EFBC}") = "BooksMVC.Tests", "BooksMVC.Tests\BooksMVC.Tests.csproj", "{CF23D90E-6D46-48F5-8CF9-32778E09F5F7}"
EndProject
Project("{FAE04EC0-301F-11D3-BF4B-00C04F79EFBC}") = "BooksDA", "BooksDA\BooksDA.csproj", "{523CE89C-F4F8-44E9-B9E3-17FA27E1713A}"
EndProject
Project("{FAE04EC0-301F-11D3-BF4B-00C04F79EFBC}") = "BookBL", "BookBL\BookBL.csproj", "{2ED3534A-2F7E-4618-9FD5-50AF2245C23F}"
EndProject
Global
	GlobalSection(SolutionConfigurationPlatforms) = preSolution
		Debug|Any CPU = Debug|Any CPU
		Release|Any CPU = Release|Any CPU
	EndGlobalSection
	GlobalSection(ProjectConfigurationPlatforms) = postSolution
		{E7908AB6-412D-446F-A540-D6AC03A86E62}.Debug|Any CPU.ActiveCfg = Debug|Any CPU
		{E7908AB6-412D-446F-A540-D6AC03A86E62}.Debug|Any CPU.Build.0 = Debug|Any CPU
		{E7908AB6-412D-446F-A540-D6AC03A86E62}.Release|Any CPU.ActiveCfg = Release|Any CPU
		{E7908AB6-412D-446F-A540-D6AC03A86E62}.Release|Any CPU.Build.0 = Release|Any CPU
		{CF23D90E-6D46-48F5-8CF9-32778E09F5F7}.Debug|Any CPU.ActiveCfg = Debug|Any CPU
		{CF23D90E-6D46-48F5-8CF9-32778E09F5F7}.Debug|Any CPU.Build.0 = Debug|Any CPU
		{CF23D90E-6D46-48F5-8CF9-32778E09F5F7}.Release|Any CPU.ActiveCfg = Release|Any CPU
		{CF23D90E-6D46-48F5-8CF9-32778E09F5F7}.Release|Any CPU.Build.0 = Release|Any CPU
		{523CE89C-F4F8-44E9-B9E3-17FA27E1713A}.Debug|Any CPU.ActiveCfg = Debug|Any CPU
		{523CE89C-F4F8-44E9-B9E3-17FA27E1713A}.Debug|Any CPU.Build.0 = Debug|Any CPU
		{523CE89C-F4F8-44E9-B9E3-17FA27E1713A}.Release|Any CPU.ActiveCfg = Release|Any CPU
		{523CE89C-F4F8-44E9-B9E3-17FA27E1713A}.Release|Any CPU.Build.0 = Release|Any CPU
		{2ED3534A-2F7E-4618-9FD5-50AF2245C23F}.Debug|Any CPU.ActiveCfg = Debug|Any CPU
		{2ED3534A-2F7E-4618-9FD5-50AF2245C23F}.Debug|Any CPU.Build.0 = Debug|Any CPU
		{2ED3534A-2F7E-4618-9FD5-50AF2245C23F}.Release|Any CPU.ActiveCfg = Release|Any CPU
		{2ED3534A-2F7E-4618-9FD5-50AF2245C23F}.Release|Any CPU.Build.0 = Release|Any CPU
	EndGlobalSection
	GlobalSection(SolutionProperties) = preSolution
		HideSolutionNode = FALSE
	EndGlobalSection
	GlobalSection(ExtensibilityGlobals) = postSolution
		SolutionGuid = {EDF124B2-1069-4FC1-BB04-A679EA315D73}
	EndGlobalSection
EndGlobal
